
Microsoft Visual Studio Solution File, Format Version 12.00
# Visual Studio Version 17
VisualStudioVersion = 17.6.33815.320
MinimumVisualStudioVersion = 10.0.40219.1
Project("{8BC9CEB8-8B4A-11D0-8D11-00A0C91BC942}") = "Calculator", "Calculator\Calculator.vcxproj", "{C99B51C1-BCF7-460C-8906-27BBF0EFE16A}"
EndProject
Project("{8BC9CEB8-8B4A-11D0-8D11-00A0C91BC942}") = "Common", "Common\Common.vcxproj", "{0BD0E5BC-E133-489D-A395-43644A6A1495}"
EndProject
Project("{8BC9CEB8-8B4A-11D0-8D11-00A0C91BC942}") = "NumberGuessingGame", "NumberGuessingGame\NumberGuessingGame.vcxproj", "{4CB29BCC-54FB-4822-920D-D8136AA79EBC}"
EndProject
Project("{8BC9CEB8-8B4A-11D0-8D11-00A0C91BC942}") = "ToDoList", "ToDoList\ToDoList.vcxproj", "{5348A0D1-76EA-4405-8113-B42AD5CBDF30}"
EndProject
Project("{8BC9CEB8-8B4A-11D0-8D11-00A0C91BC942}") = "TempConverter", "TempConverter\TempConverter.vcxproj", "{194550E0-060F-4ADB-8210-1D4116A26ED2}"
EndProject
Project("{8BC9CEB8-8B4A-11D0-8D11-00A0C91BC942}") = "BankManagement", "BankManagement\BankManagement.vcxproj", "{FF274452-A60A-4603-9F1A-DA6D90161DC9}"
EndProject
Project("{8BC9CEB8-8B4A-11D0-8D11-00A0C91BC942}") = "TicTacToe", "TicTacToe\TicTacToe.vcxproj", "{319280C0-57F8-4776-ADB3-681790EA8C0A}"
EndProject
Project("{8BC9CEB8-8B4A-11D0-8D11-00A0C91BC942}") = "AddressBook", "AddressBook\AddressBook.vcxproj", "{0D030E5C-7E66-41DD-BE23-2AA6EE0404DB}"
EndProject
Global
	GlobalSection(SolutionConfigurationPlatforms) = preSolution
		Debug|x64 = Debug|x64
		Debug|x86 = Debug|x86
		Release|x64 = Release|x64
		Release|x86 = Release|x86
	EndGlobalSection
	GlobalSection(ProjectConfigurationPlatforms) = postSolution
		{C99B51C1-BCF7-460C-8906-27BBF0EFE16A}.Debug|x64.ActiveCfg = Debug|x64
		{C99B51C1-BCF7-460C-8906-27BBF0EFE16A}.Debug|x64.Build.0 = Debug|x64
		{C99B51C1-BCF7-460C-8906-27BBF0EFE16A}.Debug|x86.ActiveCfg = Debug|Win32
		{C99B51C1-BCF7-460C-8906-27BBF0EFE16A}.Debug|x86.Build.0 = Debug|Win32
		{C99B51C1-BCF7-460C-8906-27BBF0EFE16A}.Release|x64.ActiveCfg = Release|x64
		{C99B51C1-BCF7-460C-8906-27BBF0EFE16A}.Release|x64.Build.0 = Release|x64
		{C99B51C1-BCF7-460C-8906-27BBF0EFE16A}.Release|x86.ActiveCfg = Release|Win32
		{C99B51C1-BCF7-460C-8906-27BBF0EFE16A}.Release|x86.Build.0 = Release|Win32
		{0BD0E5BC-E133-489D-A395-43644A6A1495}.Debug|x64.ActiveCfg = Debug|x64
		{0BD0E5BC-E133-489D-A395-43644A6A1495}.Debug|x64.Build.0 = Debug|x64
		{0BD0E5BC-E133-489D-A395-43644A6A1495}.Debug|x86.ActiveCfg = Debug|Win32
		{0BD0E5BC-E133-489D-A395-43644A6A1495}.Debug|x86.Build.0 = Debug|Win32
		{0BD0E5BC-E133-489D-A395-43644A6A1495}.Release|x64.ActiveCfg = Release|x64
		{0BD0E5BC-E133-489D-A395-43644A6A1495}.Release|x64.Build.0 = Release|x64
		{0BD0E5BC-E133-489D-A395-43644A6A1495}.Release|x86.ActiveCfg = Release|Win32
		{0BD0E5BC-E133-489D-A395-43644A6A1495}.Release|x86.Build.0 = Release|Win32
		{4CB29BCC-54FB-4822-920D-D8136AA79EBC}.Debug|x64.ActiveCfg = Debug|x64
		{4CB29BCC-54FB-4822-920D-D8136AA79EBC}.Debug|x64.Build.0 = Debug|x64
		{4CB29BCC-54FB-4822-920D-D8136AA79EBC}.Debug|x86.ActiveCfg = Debug|Win32
		{4CB29BCC-54FB-4822-920D-D8136AA79EBC}.Debug|x86.Build.0 = Debug|Win32
		{4CB29BCC-54FB-4822-920D-D8136AA79EBC}.Release|x64.ActiveCfg = Release|x64
		{4CB29BCC-54FB-4822-920D-D8136AA79EBC}.Release|x64.Build.0 = Release|x64
		{4CB29BCC-54FB-4822-920D-D8136AA79EBC}.Release|x86.ActiveCfg = Release|Win32
		{4CB29BCC-54FB-4822-920D-D8136AA79EBC}.Release|x86.Build.0 = Release|Win32
		{5348A0D1-76EA-4405-8113-B42AD5CBDF30}.Debug|x64.ActiveCfg = Debug|x64
		{5348A0D1-76EA-4405-8113-B42AD5CBDF30}.Debug|x64.Build.0 = Debug|x64
		{5348A0D1-76EA-4405-8113-B42AD5CBDF30}.Debug|x86.ActiveCfg = Debug|Win32
		{5348A0D1-76EA-4405-8113-B42AD5CBDF30}.Debug|x86.Build.0 = Debug|Win32
		{5348A0D1-76EA-4405-8113-B42AD5CBDF30}.Release|x64.ActiveCfg = Release|x64
		{5348A0D1-76EA-4405-8113-B42AD5CBDF30}.Release|x64.Build.0 = Release|x64
		{5348A0D1-76EA-4405-8113-B42AD5CBDF30}.Release|x86.ActiveCfg = Release|Win32
		{5348A0D1-76EA-4405-8113-B42AD5CBDF30}.Release|x86.Build.0 = Release|Win32
		{194550E0-060F-4ADB-8210-1D4116A26ED2}.Debug|x64.ActiveCfg = Debug|x64
		{194550E0-060F-4ADB-8210-1D4116A26ED2}.Debug|x64.Build.0 = Debug|x64
		{194550E0-060F-4ADB-8210-1D4116A26ED2}.Debug|x86.ActiveCfg = Debug|Win32
		{194550E0-060F-4ADB-8210-1D4116A26ED2}.Debug|x86.Build.0 = Debug|Win32
		{194550E0-060F-4ADB-8210-1D4116A26ED2}.Release|x64.ActiveCfg = Release|x64
		{194550E0-060F-4ADB-8210-1D4116A26ED2}.Release|x64.Build.0 = Release|x64
		{194550E0-060F-4ADB-8210-1D4116A26ED2}.Release|x86.ActiveCfg = Release|Win32
		{194550E0-060F-4ADB-8210-1D4116A26ED2}.Release|x86.Build.0 = Release|Win32
		{FF274452-A60A-4603-9F1A-DA6D90161DC9}.Debug|x64.ActiveCfg = Debug|x64
		{FF274452-A60A-4603-9F1A-DA6D90161DC9}.Debug|x64.Build.0 = Debug|x64
		{FF274452-A60A-4603-9F1A-DA6D90161DC9}.Debug|x86.ActiveCfg = Debug|Win32
		{FF274452-A60A-4603-9F1A-DA6D90161DC9}.Debug|x86.Build.0 = Debug|Win32
		{FF274452-A60A-4603-9F1A-DA6D90161DC9}.Release|x64.ActiveCfg = Release|x64
		{FF274452-A60A-4603-9F1A-DA6D90161DC9}.Release|x64.Build.0 = Release|x64
		{FF274452-A60A-4603-9F1A-DA6D90161DC9}.Release|x86.ActiveCfg = Release|Win32
		{FF274452-A60A-4603-9F1A-DA6D90161DC9}.Release|x86.Build.0 = Release|Win32
		{319280C0-57F8-4776-ADB3-681790EA8C0A}.Debug|x64.ActiveCfg = Debug|x64
		{319280C0-57F8-4776-ADB3-681790EA8C0A}.Debug|x64.Build.0 = Debug|x64
		{319280C0-57F8-4776-ADB3-681790EA8C0A}.Debug|x86.ActiveCfg = Debug|Win32
		{319280C0-57F8-4776-ADB3-681790EA8C0A}.Debug|x86.Build.0 = Debug|Win32
		{319280C0-57F8-4776-ADB3-681790EA8C0A}.Release|x64.ActiveCfg = Release|x64
		{319280C0-57F8-4776-ADB3-681790EA8C0A}.Release|x64.Build.0 = Release|x64
		{319280C0-57F8-4776-ADB3-681790EA8C0A}.Release|x86.ActiveCfg = Release|Win32
		{319280C0-57F8-4776-ADB3-681790EA8C0A}.Release|x86.Build.0 = Release|Win32
		{0D030E5C-7E66-41DD-BE23-2AA6EE0404DB}.Debug|x64.ActiveCfg = Debug|x64
		{0D030E5C-7E66-41DD-BE23-2AA6EE0404DB}.Debug|x64.Build.0 = Debug|x64
		{0D030E5C-7E66-41DD-BE23-2AA6EE0404DB}.Debug|x86.ActiveCfg = Debug|Win32
		{0D030E5C-7E66-41DD-BE23-2AA6EE0404DB}.Debug|x86.Build.0 = Debug|Win32
		{0D030E5C-7E66-41DD-BE23-2AA6EE0404DB}.Release|x64.ActiveCfg = Release|x64
		{0D030E5C-7E66-41DD-BE23-2AA6EE0404DB}.Release|x64.Build.0 = Release|x64
		{0D030E5C-7E66-41DD-BE23-2AA6EE0404DB}.Release|x86.ActiveCfg = Release|Win32
		{0D030E5C-7E66-41DD-BE23-2AA6EE0404DB}.Release|x86.Build.0 = Release|Win32
	EndGlobalSection
	GlobalSection(SolutionProperties) = preSolution
		HideSolutionNode = FALSE
	EndGlobalSection
	GlobalSection(ExtensibilityGlobals) = postSolution
		SolutionGuid = {D3FF4CA4-351A-49C3-8277-76A33E05E9AD}
	EndGlobalSection
EndGlobal
